
Microsoft Visual Studio Solution File, Format Version 12.00
# Visual Studio Version 17
VisualStudioVersion = 17.9.34723.18
MinimumVisualStudioVersion = 10.0.40219.1
Project("{FAE04EC0-301F-11D3-BF4B-00C04F79EFBC}") = "BasicAccountInterface", "BasicAccountInterface\BasicAccountInterface.csproj", "{81FDE67C-41E3-42AA-BBFA-53470CF1CDA2}"
EndProject
Global
	GlobalSection(SolutionConfigurationPlatforms) = preSolution
		Debug|Any CPU = Debug|Any CPU
		Release|Any CPU = Release|Any CPU
	EndGlobalSection
	GlobalSection(ProjectConfigurationPlatforms) = postSolution
		{81FDE67C-41E3-42AA-BBFA-53470CF1CDA2}.Debug|Any CPU.ActiveCfg = Debug|Any CPU
		{81FDE67C-41E3-42AA-BBFA-53470CF1CDA2}.Debug|Any CPU.Build.0 = Debug|Any CPU
		{81FDE67C-41E3-42AA-BBFA-53470CF1CDA2}.Release|Any CPU.ActiveCfg = Release|Any CPU
		{81FDE67C-41E3-42AA-BBFA-53470CF1CDA2}.Release|Any CPU.Build.0 = Release|Any CPU
	EndGlobalSection
	GlobalSection(SolutionProperties) = preSolution
		HideSolutionNode = FALSE
	EndGlobalSection
	GlobalSection(ExtensibilityGlobals) = postSolution
		SolutionGuid = {67143291-A03C-48E7-BFAE-7A604279A38F}
	EndGlobalSection
EndGlobal
